# Run ./gradlew --write-locks to regenerate this file
com.fasterxml.jackson.core:jackson-annotations:2.11.3 (4 constraints: 2b4395ee)
com.fasterxml.jackson.core:jackson-core:2.11.3 (4 constraints: ee566f60)
com.fasterxml.jackson.core:jackson-databind:2.11.3 (9 constraints: 8995eec3)
com.fasterxml.jackson.dataformat:jackson-dataformat-yaml:2.11.3 (1 constraints: 970eca57)
com.fasterxml.jackson.datatype:jackson-datatype-guava:2.11.3 (1 constraints: 16051936)
com.fasterxml.jackson.datatype:jackson-datatype-jdk8:2.11.3 (1 constraints: 970eca57)
com.google.code.findbugs:jsr305:3.0.2 (3 constraints: 511d6a39)
com.google.errorprone:error_prone_annotations:2.8.1 (4 constraints: b82ec7ad)
com.google.guava:failureaccess:1.0.1 (1 constraints: 140ae1b4)
com.google.guava:guava:30.1.1-jre (5 constraints: 5351f196)
com.google.guava:listenablefuture:9999.0-empty-to-avoid-conflict-with-guava (1 constraints: bd17c918)
com.google.j2objc:j2objc-annotations:1.3 (1 constraints: b809eda0)
com.palantir.conjure:conjure-api-objects:4.0.0 (2 constraints: ef213ba7)
com.palantir.conjure:conjure-core:4.0.0 (1 constraints: 0605ff35)
com.palantir.conjure:conjure-generator-common:4.0.0 (1 constraints: 8e0ebb57)
com.palantir.conjure.java:conjure-lib:0.2.4 (1 constraints: 3811a0d3)
com.palantir.remoting-api:errors:1.8.0 (1 constraints: f10f7d99)
com.palantir.ri:resource-identifier:2.0.0 (2 constraints: ed14f4b5)
com.palantir.safe-logging:preconditions:1.19.0 (3 constraints: a227c63e)
com.palantir.safe-logging:safe-logging:1.19.0 (3 constraints: ca331249)
com.palantir.syntactic-paths:syntactic-paths:0.6.1 (2 constraints: 99131761)
com.palantir.tokens:auth-tokens:3.10.0 (1 constraints: ec0f7099)
com.squareup.okhttp3:okhttp:3.12.0 (1 constraints: 38053b3b)
com.squareup.okio:okio:1.15.0 (1 constraints: 810cbb09)
commons-cli:commons-cli:1.4 (1 constraints: a9041e2c)
io.dropwizard.metrics:metrics-core:3.2.5 (2 constraints: 9f13a361)
javax.annotation:javax.annotation-api:1.2 (1 constraints: 90103ea1)
javax.inject:javax.inject:1 (4 constraints: 1a34ac35)
javax.ws.rs:javax.ws.rs-api:2.0.1 (2 constraints: 211fb2b3)
org.apache.commons:commons-lang3:3.12.0 (2 constraints: e6179c4a)
org.checkerframework:checker-qual:3.8.0 (1 constraints: 1d0a02b5)
org.glassfish.hk2:hk2-api:2.5.0-b32 (2 constraints: 451f3a01)
org.glassfish.hk2:hk2-locator:2.5.0-b32 (1 constraints: e6114109)
org.glassfish.hk2:hk2-utils:2.5.0-b32 (2 constraints: 0519152b)
org.glassfish.hk2:osgi-resource-locator:1.0.1 (1 constraints: ed10e5c2)
org.glassfish.hk2.external:aopalliance-repackaged:2.5.0-b32 (2 constraints: 0519152b)
org.glassfish.jersey.bundles.repackaged:jersey-guava:2.25.1 (1 constraints: 251120d4)
org.glassfish.jersey.core:jersey-common:2.25.1 (1 constraints: c40e8766)
org.immutables:value:2.8.8 (1 constraints: 14051536)
org.javassist:javassist:3.22.0-GA (2 constraints: 3c134b85)
org.slf4j:slf4j-api:1.7.32 (3 constraints: 1e2c737b)
org.yaml:snakeyaml:1.26 (1 constraints: 7117f927)

[Test dependencies]
com.palantir.safe-logging:preconditions-assertj:1.19.0 (1 constraints: 3d05443b)
junit:junit:4.13.2 (1 constraints: 3c05463b)
org.assertj:assertj-core:3.20.2 (2 constraints: 94192cde)
org.hamcrest:hamcrest:2.2 (1 constraints: 720b95d5)
org.hamcrest:hamcrest-core:2.2 (2 constraints: 730adbbf)
