# Run ./gradlew writeVersionsLocks to regenerate this file
com.fasterxml.jackson.core:jackson-annotations:2.17.2 (4 constraints: 6543a12f)
com.fasterxml.jackson.core:jackson-core:2.17.2 (4 constraints: 02571568)
com.fasterxml.jackson.core:jackson-databind:2.17.2 (9 constraints: c295f119)
com.fasterxml.jackson.dataformat:jackson-dataformat-yaml:2.17.2 (1 constraints: 970eca57)
com.fasterxml.jackson.datatype:jackson-datatype-guava:2.17.2 (1 constraints: 3e05463b)
com.fasterxml.jackson.datatype:jackson-datatype-jdk8:2.17.2 (1 constraints: 970eca57)
com.google.code.findbugs:jsr305:3.0.2 (3 constraints: 511d6a39)
com.google.errorprone:error_prone_annotations:2.26.1 (8 constraints: f46ca5b6)
com.google.guava:failureaccess:1.0.2 (1 constraints: 150ae2b4)
com.google.guava:guava:33.2.1-jre (5 constraints: 3554e633)
com.google.guava:listenablefuture:9999.0-empty-to-avoid-conflict-with-guava (1 constraints: bd17c918)
com.google.j2objc:j2objc-annotations:3.0.0 (1 constraints: 150aeab4)
com.palantir.conjure:conjure-api-objects:4.0.0 (2 constraints: ef213ba7)
com.palantir.conjure:conjure-core:4.0.0 (1 constraints: 0605ff35)
com.palantir.conjure:conjure-generator-common:4.0.0 (1 constraints: 8e0ebb57)
com.palantir.conjure.java:conjure-lib:0.2.4 (1 constraints: 3811a0d3)
com.palantir.remoting-api:errors:1.8.0 (1 constraints: f10f7d99)
com.palantir.ri:resource-identifier:2.7.0 (2 constraints: f4144bb7)
com.palantir.safe-logging:logger:3.7.0 (1 constraints: d60d8437)
com.palantir.safe-logging:logger-slf4j:3.7.0 (1 constraints: 050e6842)
com.palantir.safe-logging:logger-spi:3.7.0 (2 constraints: 191ea27b)
com.palantir.safe-logging:preconditions:3.7.0 (4 constraints: 173a183c)
com.palantir.safe-logging:safe-logging:3.7.0 (7 constraints: 5573c95e)
com.palantir.syntactic-paths:syntactic-paths:0.9.0 (2 constraints: 9b137361)
com.palantir.tokens:auth-tokens:3.18.0 (1 constraints: ec0f7099)
com.squareup.okhttp3:okhttp:4.12.0 (1 constraints: 3905413b)
com.squareup.okio:okio:3.6.0 (1 constraints: 530c38fd)
com.squareup.okio:okio-jvm:3.6.0 (1 constraints: 500ad3b9)
commons-cli:commons-cli:1.8.0 (1 constraints: 0b050836)
io.dropwizard.metrics:metrics-core:4.2.26 (2 constraints: d3136d6f)
javax.annotation:javax.annotation-api:1.2 (1 constraints: 90103ea1)
javax.inject:javax.inject:1 (4 constraints: 1a34ac35)
javax.ws.rs:javax.ws.rs-api:2.0.1 (2 constraints: 211fb2b3)
org.apache.commons:commons-lang3:3.14.0 (1 constraints: 3a05413b)
org.checkerframework:checker-qual:3.42.0 (1 constraints: 4b0a47bf)
org.glassfish.hk2:hk2-api:2.5.0-b32 (2 constraints: 451f3a01)
org.glassfish.hk2:hk2-locator:2.5.0-b32 (1 constraints: e6114109)
org.glassfish.hk2:hk2-utils:2.5.0-b32 (2 constraints: 0519152b)
org.glassfish.hk2:osgi-resource-locator:1.0.1 (1 constraints: ed10e5c2)
org.glassfish.hk2.external:aopalliance-repackaged:2.5.0-b32 (2 constraints: 0519152b)
org.glassfish.jersey.bundles.repackaged:jersey-guava:2.25.1 (1 constraints: 251120d4)
org.glassfish.jersey.core:jersey-common:2.25.1 (1 constraints: c40e8766)
org.immutables:value:2.10.1 (1 constraints: 3605303b)
org.javassist:javassist:3.22.0-GA (2 constraints: 3c134b85)
org.jetbrains:annotations:24.1.0 (2 constraints: 11204f00)
org.jetbrains.kotlin:kotlin-stdlib:1.9.10 (2 constraints: c2210fe1)
org.jetbrains.kotlin:kotlin-stdlib-common:1.9.10 (2 constraints: 3f1b4b83)
org.jetbrains.kotlin:kotlin-stdlib-jdk7:1.9.10 (1 constraints: e210ffd2)
org.jetbrains.kotlin:kotlin-stdlib-jdk8:1.9.10 (2 constraints: 8118c1c5)
org.slf4j:slf4j-api:1.7.36 (4 constraints: 6e3c3060)
org.yaml:snakeyaml:2.2 (1 constraints: 3c178b10)

[Test dependencies]
com.palantir.safe-logging:preconditions-assertj:3.7.0 (1 constraints: 0c050f36)
junit:junit:4.13.2 (1 constraints: 3c05463b)
net.bytebuddy:byte-buddy:1.14.16 (1 constraints: 830bcaea)
org.assertj:assertj-core:3.26.0 (2 constraints: 9c192edf)
org.hamcrest:hamcrest:2.2 (1 constraints: 720b95d5)
org.hamcrest:hamcrest-core:2.2 (2 constraints: 730adbbf)
