# Run ./gradlew --write-locks to regenerate this file
com.fasterxml.jackson:jackson-bom:2.12.5 (6 constraints: f57b93b1)
com.fasterxml.jackson.core:jackson-annotations:2.12.5 (5 constraints: ea517363)
com.fasterxml.jackson.core:jackson-core:2.12.5 (6 constraints: b873bd64)
com.fasterxml.jackson.core:jackson-databind:2.12.5 (10 constraints: 4ba4cea4)
com.fasterxml.jackson.dataformat:jackson-dataformat-yaml:2.12.5 (2 constraints: 501df628)
com.fasterxml.jackson.datatype:jackson-datatype-guava:2.12.5 (2 constraints: cf135477)
com.fasterxml.jackson.datatype:jackson-datatype-jdk8:2.12.5 (2 constraints: 501df628)
com.google.code.findbugs:jsr305:3.0.2 (10 constraints: 058e2d7b)
com.google.errorprone:error_prone_annotations:2.11.0 (10 constraints: b78e0a77)
com.google.guava:failureaccess:1.0.1 (2 constraints: e417667f)
com.google.guava:guava:31.0.1-jre (6 constraints: c560cf64)
com.google.guava:listenablefuture:9999.0-empty-to-avoid-conflict-with-guava (2 constraints: 3633ed46)
com.google.j2objc:j2objc-annotations:1.3 (2 constraints: 2c17362e)
com.palantir.conjure:conjure-api-objects:4.0.0 (2 constraints: ef213ba7)
com.palantir.conjure:conjure-core:4.0.0 (1 constraints: 0605ff35)
com.palantir.conjure:conjure-generator-common:4.0.0 (1 constraints: 8e0ebb57)
com.palantir.conjure.java:conjure-lib:0.2.4 (1 constraints: 3811a0d3)
com.palantir.remoting-api:errors:1.8.0 (1 constraints: f10f7d99)
com.palantir.ri:resource-identifier:2.3.0 (2 constraints: f01487b6)
com.palantir.safe-logging:logger:1.21.0 (1 constraints: 020e7845)
com.palantir.safe-logging:logger-slf4j:1.21.0 (2 constraints: 301c76db)
com.palantir.safe-logging:logger-spi:1.21.0 (3 constraints: 6e2cd9d4)
com.palantir.safe-logging:preconditions:1.21.0 (3 constraints: 8f27c33a)
com.palantir.safe-logging:safe-logging:1.21.0 (6 constraints: 925fdb4b)
com.palantir.syntactic-paths:syntactic-paths:0.6.1 (2 constraints: 99131761)
com.palantir.tokens:auth-tokens:3.11.0 (1 constraints: ec0f7099)
com.squareup.okhttp3:okhttp:3.12.0 (1 constraints: 38053b3b)
com.squareup.okio:okio:1.15.0 (1 constraints: 810cbb09)
commons-cli:commons-cli:1.5.0 (1 constraints: 0805ff35)
io.dropwizard.metrics:metrics-core:3.2.5 (2 constraints: 9f13a361)
javax.annotation:javax.annotation-api:1.2 (1 constraints: 90103ea1)
javax.inject:javax.inject:1 (4 constraints: 1a34ac35)
javax.ws.rs:javax.ws.rs-api:2.0.1 (2 constraints: 211fb2b3)
org.apache.commons:commons-lang3:3.12.0 (2 constraints: e6179c4a)
org.checkerframework:checker-qual:3.12.0 (2 constraints: 4c183eaa)
org.glassfish.hk2:hk2-api:2.5.0-b32 (2 constraints: 451f3a01)
org.glassfish.hk2:hk2-locator:2.5.0-b32 (1 constraints: e6114109)
org.glassfish.hk2:hk2-utils:2.5.0-b32 (2 constraints: 0519152b)
org.glassfish.hk2:osgi-resource-locator:1.0.1 (1 constraints: ed10e5c2)
org.glassfish.hk2.external:aopalliance-repackaged:2.5.0-b32 (2 constraints: 0519152b)
org.glassfish.jersey.bundles.repackaged:jersey-guava:2.25.1 (1 constraints: 251120d4)
org.glassfish.jersey.core:jersey-common:2.25.1 (1 constraints: c40e8766)
org.immutables:value:2.8.8 (2 constraints: f412af38)
org.javassist:javassist:3.22.0-GA (2 constraints: 3c134b85)
org.slf4j:slf4j-api:1.7.36 (9 constraints: 4b90eceb)
org.yaml:snakeyaml:1.27 (1 constraints: 7217fa27)

[Test dependencies]
com.palantir.safe-logging:preconditions-assertj:1.21.0 (1 constraints: 3605303b)
junit:junit:4.13.2 (2 constraints: f413ee82)
org.assertj:assertj-core:3.22.0 (2 constraints: 941934de)
org.hamcrest:hamcrest:2.2 (1 constraints: 720b95d5)
org.hamcrest:hamcrest-core:2.2 (2 constraints: 730adbbf)
